
Microsoft Visual Studio Solution File, Format Version 12.00
# Visual Studio Version 16
VisualStudioVersion = 16.0.30114.105
MinimumVisualStudioVersion = 10.0.40219.1
Project("{2150E333-8FDC-42A3-9474-1A3956D46DE8}") = "src", "src", "{3854F11D-AD4E-40EB-91FE-90554D7C16E6}"
	ProjectSection(SolutionItems) = preProject
		src\Gateway\obj\Gateway.csproj.nuget.dgspec.json = src\Gateway\obj\Gateway.csproj.nuget.dgspec.json
		src\Gateway\obj\Gateway.csproj.nuget.g.targets = src\Gateway\obj\Gateway.csproj.nuget.g.targets
		src\Gateway\obj\Gateway.csproj.nuget.g.props = src\Gateway\obj\Gateway.csproj.nuget.g.props
		src\Gateway\obj\project.nuget 2.cache = src\Gateway\obj\project.nuget 2.cache
		src\Gateway\obj\rider.project.restore.info = src\Gateway\obj\rider.project.restore.info
		src\Gateway\obj\project.nuget.cache = src\Gateway\obj\project.nuget.cache
		src\Gateway\obj\project.packagespec.json = src\Gateway\obj\project.packagespec.json
		src\Gateway\obj\project.assets.json = src\Gateway\obj\project.assets.json
		src\Gateway\obj\Gateway.csproj.EntityFrameworkCore.targets = src\Gateway\obj\Gateway.csproj.EntityFrameworkCore.targets
		src\Gateway\obj\staticwebassets.pack.sentinel = src\Gateway\obj\staticwebassets.pack.sentinel
		src\Gateway\obj\Gateway.csproj.nuget.g 2.props = src\Gateway\obj\Gateway.csproj.nuget.g 2.props
		src\Gateway\obj\Debug\net6.0\Gateway.dll = src\Gateway\obj\Debug\net6.0\Gateway.dll
		src\Gateway\obj\Debug\net6.0\staticwebassets.build.json = src\Gateway\obj\Debug\net6.0\staticwebassets.build.json
		src\Gateway\obj\Debug\net6.0\ref\Gateway.dll = src\Gateway\obj\Debug\net6.0\ref\Gateway.dll
		src\Gateway\obj\Debug\net6.0\Gateway.csproj.FileListAbsolute.txt = src\Gateway\obj\Debug\net6.0\Gateway.csproj.FileListAbsolute.txt
		src\Gateway\obj\Debug\net6.0\refint\Gateway.dll = src\Gateway\obj\Debug\net6.0\refint\Gateway.dll
		src\Gateway\obj\Debug\net6.0\apphost = src\Gateway\obj\Debug\net6.0\apphost
		src\Gateway\obj\Debug\net6.0\Gateway.pdb = src\Gateway\obj\Debug\net6.0\Gateway.pdb
		src\Gateway\obj\Debug\net6.0\Gateway.csproj.CopyComplete = src\Gateway\obj\Debug\net6.0\Gateway.csproj.CopyComplete
		src\Gateway\obj\Debug\net6.0\Gateway.csproj.AssemblyReference.cache = src\Gateway\obj\Debug\net6.0\Gateway.csproj.AssemblyReference.cache
		src\Gateway\obj\Debug\net6.0\Gateway.AssemblyInfoInputs.cache = src\Gateway\obj\Debug\net6.0\Gateway.AssemblyInfoInputs.cache
		src\Gateway\obj\Debug\net6.0\Gateway.csproj.CoreCompileInputs.cache = src\Gateway\obj\Debug\net6.0\Gateway.csproj.CoreCompileInputs.cache
		src\Gateway\obj\Debug\net6.0\Gateway.GlobalUsings.g.cs = src\Gateway\obj\Debug\net6.0\Gateway.GlobalUsings.g.cs
		src\Gateway\obj\Debug\net6.0\Gateway.assets.cache = src\Gateway\obj\Debug\net6.0\Gateway.assets.cache
		src\Gateway\obj\Debug\net6.0\Gateway.AssemblyInfo.cs = src\Gateway\obj\Debug\net6.0\Gateway.AssemblyInfo.cs
		src\Gateway\obj\Debug\net6.0\project.razor.json = src\Gateway\obj\Debug\net6.0\project.razor.json
		src\Gateway\obj\Debug\net6.0\.NETCoreApp,Version=v6.0.AssemblyAttributes.cs = src\Gateway\obj\Debug\net6.0\.NETCoreApp,Version=v6.0.AssemblyAttributes.cs
		src\Gateway\obj\Debug\net6.0\Gateway.MvcApplicationPartsAssemblyInfo.cache = src\Gateway\obj\Debug\net6.0\Gateway.MvcApplicationPartsAssemblyInfo.cache
		src\Gateway\obj\Debug\net6.0\Gateway.genruntimeconfig.cache = src\Gateway\obj\Debug\net6.0\Gateway.genruntimeconfig.cache
		src\Gateway\obj\Debug\net6.0\Gateway.GeneratedMSBuildEditorConfig.editorconfig = src\Gateway\obj\Debug\net6.0\Gateway.GeneratedMSBuildEditorConfig.editorconfig
		src\Gateway\obj\Debug\net6.0\Gateway.MvcApplicationPartsAssemblyInfo.cs = src\Gateway\obj\Debug\net6.0\Gateway.MvcApplicationPartsAssemblyInfo.cs
		src\Gateway\bin\Debug\net6.0\Gateway.dll = src\Gateway\bin\Debug\net6.0\Gateway.dll
		src\Gateway\bin\Debug\net6.0\Infrastructure.dll = src\Gateway\bin\Debug\net6.0\Infrastructure.dll
		src\Gateway\bin\Debug\net6.0\Microsoft.AspNetCore.Cryptography.Internal.dll = src\Gateway\bin\Debug\net6.0\Microsoft.AspNetCore.Cryptography.Internal.dll
		src\Gateway\bin\Debug\net6.0\Microsoft.IdentityModel.Logging.dll = src\Gateway\bin\Debug\net6.0\Microsoft.IdentityModel.Logging.dll
		src\Gateway\bin\Debug\net6.0\Npgsql.EntityFrameworkCore.PostgreSQL.dll = src\Gateway\bin\Debug\net6.0\Npgsql.EntityFrameworkCore.PostgreSQL.dll
		src\Gateway\bin\Debug\net6.0\Microsoft.AspNetCore.Cryptography.KeyDerivation.dll = src\Gateway\bin\Debug\net6.0\Microsoft.AspNetCore.Cryptography.KeyDerivation.dll
		src\Gateway\bin\Debug\net6.0\Microsoft.EntityFrameworkCore.dll = src\Gateway\bin\Debug\net6.0\Microsoft.EntityFrameworkCore.dll
		src\Gateway\bin\Debug\net6.0\Microsoft.Extensions.Identity.Core.dll = src\Gateway\bin\Debug\net6.0\Microsoft.Extensions.Identity.Core.dll
		src\Gateway\bin\Debug\net6.0\Microsoft.Extensions.Logging.dll = src\Gateway\bin\Debug\net6.0\Microsoft.Extensions.Logging.dll
		src\Gateway\bin\Debug\net6.0\Core.dll = src\Gateway\bin\Debug\net6.0\Core.dll
		src\Gateway\bin\Debug\net6.0\MediatR.dll = src\Gateway\bin\Debug\net6.0\MediatR.dll
		src\Gateway\bin\Debug\net6.0\Microsoft.Extensions.Caching.Abstractions.dll = src\Gateway\bin\Debug\net6.0\Microsoft.Extensions.Caching.Abstractions.dll
		src\Gateway\bin\Debug\net6.0\Microsoft.EntityFrameworkCore.Abstractions.dll = src\Gateway\bin\Debug\net6.0\Microsoft.EntityFrameworkCore.Abstractions.dll
		src\Gateway\bin\Debug\net6.0\Microsoft.Extensions.Logging.Abstractions.dll = src\Gateway\bin\Debug\net6.0\Microsoft.Extensions.Logging.Abstractions.dll
		src\Gateway\bin\Debug\net6.0\Microsoft.IdentityModel.Protocols.OpenIdConnect.dll = src\Gateway\bin\Debug\net6.0\Microsoft.IdentityModel.Protocols.OpenIdConnect.dll
		src\Gateway\bin\Debug\net6.0\Microsoft.Extensions.Identity.Stores.dll = src\Gateway\bin\Debug\net6.0\Microsoft.Extensions.Identity.Stores.dll
		src\Gateway\bin\Debug\net6.0\Duende.IdentityServer.AspNetIdentity.dll = src\Gateway\bin\Debug\net6.0\Duende.IdentityServer.AspNetIdentity.dll
		src\Gateway\bin\Debug\net6.0\Infrastructure.pdb = src\Gateway\bin\Debug\net6.0\Infrastructure.pdb
		src\Gateway\bin\Debug\net6.0\Gateway.pdb = src\Gateway\bin\Debug\net6.0\Gateway.pdb
		src\Gateway\bin\Debug\net6.0\Microsoft.IdentityModel.Protocols.dll = src\Gateway\bin\Debug\net6.0\Microsoft.IdentityModel.Protocols.dll
		src\Gateway\bin\Debug\net6.0\Microsoft.AspNetCore.Authentication.OpenIdConnect.dll = src\Gateway\bin\Debug\net6.0\Microsoft.AspNetCore.Authentication.OpenIdConnect.dll
		src\Gateway\bin\Debug\net6.0\Autofac.Extensions.DependencyInjection.dll = src\Gateway\bin\Debug\net6.0\Autofac.Extensions.DependencyInjection.dll
		src\Gateway\bin\Debug\net6.0\Ardalis.Result.dll = src\Gateway\bin\Debug\net6.0\Ardalis.Result.dll
		src\Gateway\bin\Debug\net6.0\Microsoft.Extensions.Primitives.dll = src\Gateway\bin\Debug\net6.0\Microsoft.Extensions.Primitives.dll
		src\Gateway\bin\Debug\net6.0\Npgsql.dll = src\Gateway\bin\Debug\net6.0\Npgsql.dll
		src\Gateway\bin\Debug\net6.0\Microsoft.OpenApi.dll = src\Gateway\bin\Debug\net6.0\Microsoft.OpenApi.dll
		src\Gateway\bin\Debug\net6.0\Microsoft.AspNetCore.ApiAuthorization.IdentityServer.dll = src\Gateway\bin\Debug\net6.0\Microsoft.AspNetCore.ApiAuthorization.IdentityServer.dll
		src\Gateway\bin\Debug\net6.0\MediatR.Contracts.dll = src\Gateway\bin\Debug\net6.0\MediatR.Contracts.dll
		src\Gateway\bin\Debug\net6.0\appsettings.json = src\Gateway\bin\Debug\net6.0\appsettings.json
		src\Gateway\bin\Debug\net6.0\Microsoft.Extensions.DependencyInjection.dll = src\Gateway\bin\Debug\net6.0\Microsoft.Extensions.DependencyInjection.dll
		src\Gateway\bin\Debug\net6.0\Microsoft.EntityFrameworkCore.Relational.dll = src\Gateway\bin\Debug\net6.0\Microsoft.EntityFrameworkCore.Relational.dll
		src\Gateway\bin\Debug\net6.0\Ardalis.GuardClauses.dll = src\Gateway\bin\Debug\net6.0\Ardalis.GuardClauses.dll
		src\Gateway\bin\Debug\net6.0\Duende.IdentityServer.Storage.dll = src\Gateway\bin\Debug\net6.0\Duende.IdentityServer.Storage.dll
		src\Gateway\bin\Debug\net6.0\Humanizer.dll = src\Gateway\bin\Debug\net6.0\Humanizer.dll
		src\Gateway\bin\Debug\net6.0\Microsoft.AspNetCore.Identity.UI.dll = src\Gateway\bin\Debug\net6.0\Microsoft.AspNetCore.Identity.UI.dll
		src\Gateway\bin\Debug\net6.0\JetBrains.Annotations.dll = src\Gateway\bin\Debug\net6.0\JetBrains.Annotations.dll
		src\Gateway\bin\Debug\net6.0\Core.pdb = src\Gateway\bin\Debug\net6.0\Core.pdb
		src\Gateway\bin\Debug\net6.0\Microsoft.Extensions.Options.dll = src\Gateway\bin\Debug\net6.0\Microsoft.Extensions.Options.dll
		src\Gateway\bin\Debug\net6.0\Gateway.deps.json = src\Gateway\bin\Debug\net6.0\Gateway.deps.json
		src\Gateway\bin\Debug\net6.0\Autofac.dll = src\Gateway\bin\Debug\net6.0\Autofac.dll
		src\Gateway\bin\Debug\net6.0\Swashbuckle.AspNetCore.SwaggerUI.dll = src\Gateway\bin\Debug\net6.0\Swashbuckle.AspNetCore.SwaggerUI.dll
		src\Gateway\bin\Debug\net6.0\Microsoft.AspNetCore.Authentication.JwtBearer.dll = src\Gateway\bin\Debug\net6.0\Microsoft.AspNetCore.Authentication.JwtBearer.dll
		src\Gateway\bin\Debug\net6.0\Duende.IdentityServer.EntityFramework.Storage.dll = src\Gateway\bin\Debug\net6.0\Duende.IdentityServer.EntityFramework.Storage.dll
		src\Gateway\bin\Debug\net6.0\Shared.pdb = src\Gateway\bin\Debug\net6.0\Shared.pdb
		src\Gateway\bin\Debug\net6.0\Duende.IdentityServer.dll = src\Gateway\bin\Debug\net6.0\Duende.IdentityServer.dll
		src\Gateway\bin\Debug\net6.0\Swashbuckle.AspNetCore.SwaggerGen.dll = src\Gateway\bin\Debug\net6.0\Swashbuckle.AspNetCore.SwaggerGen.dll
		src\Gateway\bin\Debug\net6.0\Microsoft.IdentityModel.JsonWebTokens.dll = src\Gateway\bin\Debug\net6.0\Microsoft.IdentityModel.JsonWebTokens.dll
		src\Gateway\bin\Debug\net6.0\Newtonsoft.Json.dll = src\Gateway\bin\Debug\net6.0\Newtonsoft.Json.dll
		src\Gateway\bin\Debug\net6.0\Ardalis.Specification.EntityFrameworkCore.dll = src\Gateway\bin\Debug\net6.0\Ardalis.Specification.EntityFrameworkCore.dll
		src\Gateway\bin\Debug\net6.0\Ardalis.EFCore.Extensions.dll = src\Gateway\bin\Debug\net6.0\Ardalis.EFCore.Extensions.dll
		src\Gateway\bin\Debug\net6.0\Microsoft.Extensions.Caching.Memory.dll = src\Gateway\bin\Debug\net6.0\Microsoft.Extensions.Caching.Memory.dll
		src\Gateway\bin\Debug\net6.0\System.IdentityModel.Tokens.Jwt.dll = src\Gateway\bin\Debug\net6.0\System.IdentityModel.Tokens.Jwt.dll
		src\Gateway\bin\Debug\net6.0\Shared.dll = src\Gateway\bin\Debug\net6.0\Shared.dll
		src\Gateway\bin\Debug\net6.0\Microsoft.AspNetCore.Identity.EntityFrameworkCore.dll = src\Gateway\bin\Debug\net6.0\Microsoft.AspNetCore.Identity.EntityFrameworkCore.dll
		src\Gateway\bin\Debug\net6.0\Microsoft.IdentityModel.Tokens.dll = src\Gateway\bin\Debug\net6.0\Microsoft.IdentityModel.Tokens.dll
		src\Gateway\bin\Debug\net6.0\appsettings.Development.json = src\Gateway\bin\Debug\net6.0\appsettings.Development.json
		src\Gateway\bin\Debug\net6.0\Microsoft.Extensions.DependencyInjection.Abstractions.dll = src\Gateway\bin\Debug\net6.0\Microsoft.Extensions.DependencyInjection.Abstractions.dll
		src\Gateway\bin\Debug\net6.0\IdentityModel.dll = src\Gateway\bin\Debug\net6.0\IdentityModel.dll
		src\Gateway\bin\Debug\net6.0\Ardalis.Specification.dll = src\Gateway\bin\Debug\net6.0\Ardalis.Specification.dll
		src\Gateway\bin\Debug\net6.0\AutoMapper.dll = src\Gateway\bin\Debug\net6.0\AutoMapper.dll
		src\Gateway\bin\Debug\net6.0\Gateway.runtimeconfig.json = src\Gateway\bin\Debug\net6.0\Gateway.runtimeconfig.json
		src\Gateway\bin\Debug\net6.0\Microsoft.EntityFrameworkCore.Design.dll = src\Gateway\bin\Debug\net6.0\Microsoft.EntityFrameworkCore.Design.dll
		src\Gateway\bin\Debug\net6.0\Microsoft.Extensions.FileProviders.Embedded.dll = src\Gateway\bin\Debug\net6.0\Microsoft.Extensions.FileProviders.Embedded.dll
		src\Gateway\bin\Debug\net6.0\Gateway = src\Gateway\bin\Debug\net6.0\Gateway
		src\Gateway\bin\Debug\net6.0\Swashbuckle.AspNetCore.Swagger.dll = src\Gateway\bin\Debug\net6.0\Swashbuckle.AspNetCore.Swagger.dll
		src\Gateway\bin\Debug\net6.0\Duende.IdentityServer.EntityFramework.dll = src\Gateway\bin\Debug\net6.0\Duende.IdentityServer.EntityFramework.dll
		src\Gateway\appsettings.json = src\Gateway\appsettings.json
		src\Gateway\SeedData.cs = src\Gateway\SeedData.cs
		src\Gateway\.gitignore = src\Gateway\.gitignore
		src\Gateway\Properties\launchSettings.json = src\Gateway\Properties\launchSettings.json
		src\Gateway\appsettings.Development.json = src\Gateway\appsettings.Development.json
		src\Gateway\Gateway.csproj = src\Gateway\Gateway.csproj
		src\Gateway\Program.cs = src\Gateway\Program.cs
	EndProjectSection
EndProject
Project("{FAE04EC0-301F-11D3-BF4B-00C04F79EFBC}") = "Application", "src\Application\Application.csproj", "{F35A07E9-9597-48D5-B614-F171A6AE8ACF}"
EndProject
Project("{FAE04EC0-301F-11D3-BF4B-00C04F79EFBC}") = "Core", "src\Core\Core.csproj", "{D6023822-C0A4-4A94-B59B-FF9CC2F4E224}"
EndProject
Project("{FAE04EC0-301F-11D3-BF4B-00C04F79EFBC}") = "Gateway", "src\Gateway\Gateway.csproj", "{89F2EC84-F247-418D-9C13-3F76443E4BF0}"
EndProject
Project("{FAE04EC0-301F-11D3-BF4B-00C04F79EFBC}") = "Infrastructure", "src\Infrastructure\Infrastructure.csproj", "{3BDAC267-FC6A-4E26-9B80-8FAA880605A1}"
EndProject
Project("{FAE04EC0-301F-11D3-BF4B-00C04F79EFBC}") = "Shared", "src\Shared\Shared.csproj", "{D8FDD9EF-2D80-4B1E-828F-956B025B0438}"
EndProject
Global
	GlobalSection(SolutionConfigurationPlatforms) = preSolution
		Debug|Any CPU = Debug|Any CPU
		Release|Any CPU = Release|Any CPU
	EndGlobalSection
	GlobalSection(SolutionProperties) = preSolution
		HideSolutionNode = FALSE
	EndGlobalSection
	GlobalSection(ProjectConfigurationPlatforms) = postSolution
		{F35A07E9-9597-48D5-B614-F171A6AE8ACF}.Debug|Any CPU.ActiveCfg = Debug|Any CPU
		{F35A07E9-9597-48D5-B614-F171A6AE8ACF}.Debug|Any CPU.Build.0 = Debug|Any CPU
		{F35A07E9-9597-48D5-B614-F171A6AE8ACF}.Release|Any CPU.ActiveCfg = Release|Any CPU
		{F35A07E9-9597-48D5-B614-F171A6AE8ACF}.Release|Any CPU.Build.0 = Release|Any CPU
		{D6023822-C0A4-4A94-B59B-FF9CC2F4E224}.Debug|Any CPU.ActiveCfg = Debug|Any CPU
		{D6023822-C0A4-4A94-B59B-FF9CC2F4E224}.Debug|Any CPU.Build.0 = Debug|Any CPU
		{D6023822-C0A4-4A94-B59B-FF9CC2F4E224}.Release|Any CPU.ActiveCfg = Release|Any CPU
		{D6023822-C0A4-4A94-B59B-FF9CC2F4E224}.Release|Any CPU.Build.0 = Release|Any CPU
		{89F2EC84-F247-418D-9C13-3F76443E4BF0}.Debug|Any CPU.ActiveCfg = Debug|Any CPU
		{89F2EC84-F247-418D-9C13-3F76443E4BF0}.Debug|Any CPU.Build.0 = Debug|Any CPU
		{89F2EC84-F247-418D-9C13-3F76443E4BF0}.Release|Any CPU.ActiveCfg = Release|Any CPU
		{89F2EC84-F247-418D-9C13-3F76443E4BF0}.Release|Any CPU.Build.0 = Release|Any CPU
		{3BDAC267-FC6A-4E26-9B80-8FAA880605A1}.Debug|Any CPU.ActiveCfg = Debug|Any CPU
		{3BDAC267-FC6A-4E26-9B80-8FAA880605A1}.Debug|Any CPU.Build.0 = Debug|Any CPU
		{3BDAC267-FC6A-4E26-9B80-8FAA880605A1}.Release|Any CPU.ActiveCfg = Release|Any CPU
		{3BDAC267-FC6A-4E26-9B80-8FAA880605A1}.Release|Any CPU.Build.0 = Release|Any CPU
		{D8FDD9EF-2D80-4B1E-828F-956B025B0438}.Debug|Any CPU.ActiveCfg = Debug|Any CPU
		{D8FDD9EF-2D80-4B1E-828F-956B025B0438}.Debug|Any CPU.Build.0 = Debug|Any CPU
		{D8FDD9EF-2D80-4B1E-828F-956B025B0438}.Release|Any CPU.ActiveCfg = Release|Any CPU
		{D8FDD9EF-2D80-4B1E-828F-956B025B0438}.Release|Any CPU.Build.0 = Release|Any CPU
	EndGlobalSection
	GlobalSection(NestedProjects) = preSolution
		{F35A07E9-9597-48D5-B614-F171A6AE8ACF} = {3854F11D-AD4E-40EB-91FE-90554D7C16E6}
		{D6023822-C0A4-4A94-B59B-FF9CC2F4E224} = {3854F11D-AD4E-40EB-91FE-90554D7C16E6}
		{89F2EC84-F247-418D-9C13-3F76443E4BF0} = {3854F11D-AD4E-40EB-91FE-90554D7C16E6}
		{3BDAC267-FC6A-4E26-9B80-8FAA880605A1} = {3854F11D-AD4E-40EB-91FE-90554D7C16E6}
		{D8FDD9EF-2D80-4B1E-828F-956B025B0438} = {3854F11D-AD4E-40EB-91FE-90554D7C16E6}
	EndGlobalSection
EndGlobal
